
Microsoft Visual Studio Solution File, Format Version 12.00
# Visual Studio Version 17
VisualStudioVersion = 17.3.32922.545
MinimumVisualStudioVersion = 10.0.40219.1
Project("{2150E333-8FDC-42A3-9474-1A3956D46DE8}") = "src", "src", "{5561B3E5-9E35-4B16-8674-68999EFD8082}"
EndProject
Project("{FAE04EC0-301F-11D3-BF4B-00C04F79EFBC}") = "Gateway", "src\Gateway\Gateway.csproj", "{3A93D907-3642-4B81-98CC-A1203F025385}"
EndProject
Project("{FAE04EC0-301F-11D3-BF4B-00C04F79EFBC}") = "Category.Api", "src\Category.Api\Category.Api.csproj", "{3FC80E5A-ACEF-476E-8012-719E0494B023}"
EndProject
Project("{E53339B2-1760-4266-BCC7-CA923CBCF16C}") = "docker-compose", "docker-compose.dcproj", "{6A719759-137D-4316-A033-97D83B8E3609}"
EndProject
Project("{2150E333-8FDC-42A3-9474-1A3956D46DE8}") = "Solution Items", "Solution Items", "{22FFFF80-6377-4C3C-8FA1-161B8B3794B7}"
	ProjectSection(SolutionItems) = preProject
		install-master.ps1 = install-master.ps1
	EndProjectSection
EndProject
Project("{2150E333-8FDC-42A3-9474-1A3956D46DE8}") = "config", "config", "{EBDC95B3-63F1-4122-948C-B340FE6D0332}"
	ProjectSection(SolutionItems) = preProject
		.env.production = .env.production
	EndProjectSection
EndProject
Global
	GlobalSection(SolutionConfigurationPlatforms) = preSolution
		Debug|Any CPU = Debug|Any CPU
		Release|Any CPU = Release|Any CPU
	EndGlobalSection
	GlobalSection(ProjectConfigurationPlatforms) = postSolution
		{3A93D907-3642-4B81-98CC-A1203F025385}.Debug|Any CPU.ActiveCfg = Debug|Any CPU
		{3A93D907-3642-4B81-98CC-A1203F025385}.Debug|Any CPU.Build.0 = Debug|Any CPU
		{3A93D907-3642-4B81-98CC-A1203F025385}.Release|Any CPU.ActiveCfg = Release|Any CPU
		{3A93D907-3642-4B81-98CC-A1203F025385}.Release|Any CPU.Build.0 = Release|Any CPU
		{3FC80E5A-ACEF-476E-8012-719E0494B023}.Debug|Any CPU.ActiveCfg = Debug|Any CPU
		{3FC80E5A-ACEF-476E-8012-719E0494B023}.Debug|Any CPU.Build.0 = Debug|Any CPU
		{3FC80E5A-ACEF-476E-8012-719E0494B023}.Release|Any CPU.ActiveCfg = Release|Any CPU
		{3FC80E5A-ACEF-476E-8012-719E0494B023}.Release|Any CPU.Build.0 = Release|Any CPU
		{6A719759-137D-4316-A033-97D83B8E3609}.Debug|Any CPU.ActiveCfg = Debug|Any CPU
		{6A719759-137D-4316-A033-97D83B8E3609}.Debug|Any CPU.Build.0 = Debug|Any CPU
		{6A719759-137D-4316-A033-97D83B8E3609}.Release|Any CPU.ActiveCfg = Release|Any CPU
		{6A719759-137D-4316-A033-97D83B8E3609}.Release|Any CPU.Build.0 = Release|Any CPU
	EndGlobalSection
	GlobalSection(SolutionProperties) = preSolution
		HideSolutionNode = FALSE
	EndGlobalSection
	GlobalSection(NestedProjects) = preSolution
		{3A93D907-3642-4B81-98CC-A1203F025385} = {5561B3E5-9E35-4B16-8674-68999EFD8082}
		{3FC80E5A-ACEF-476E-8012-719E0494B023} = {5561B3E5-9E35-4B16-8674-68999EFD8082}
	EndGlobalSection
	GlobalSection(ExtensibilityGlobals) = postSolution
		SolutionGuid = {2A53516C-4071-49A2-9C7A-57009D380FB0}
	EndGlobalSection
EndGlobal
